PODS:
  - EaseMobSDKFull (2.2.1.2)
  - MBProgressHUD (0.9.1)
  - SDWebImage (3.7.5):
    - SDWebImage/Core (= 3.7.5)
  - SDWebImage/Core (3.7.5)

DEPENDENCIES:
  - EaseMobSDKFull (from `https://github.com/easemob/sdk-ios-cocoapods-integration.git`)
  - MBProgressHUD (~> 0.9.1)
  - SDWebImage (~> 3.7.5)

EXTERNAL SOURCES:
  EaseMobSDKFull:
    :git: https://github.com/easemob/sdk-ios-cocoapods-integration.git

CHECKOUT OPTIONS:
  EaseMobSDKFull:
    :commit: f27db4da9c6285f91a71811c2d55af8427368dbf
    :git: https://github.com/easemob/sdk-ios-cocoapods-integration.git

SPEC CHECKSUMS:
  EaseMobSDKFull: f8d6281b9b58b90d5594fe7d40e1529790035d65
  MBProgressHUD: c47f2c166c126cf2ce36498d80f33e754d4e93ad
  SDWebImage: 69c6303e3348fba97e03f65d65d4fbc26740f461

COCOAPODS: 0.39.0
